
Microsoft Visual Studio Solution File, Format Version 12.00
# Visual Studio Version 17
VisualStudioVersion = 17.5.33414.496
MinimumVisualStudioVersion = 10.0.40219.1
Project("{FAE04EC0-301F-11D3-BF4B-00C04F79EFBC}") = "BierWinkel", "BierWinkel\BierWinkel.csproj", "{E0D40894-12F8-41DD-A966-1DB418452096}"
EndProject
Project("{FAE04EC0-301F-11D3-BF4B-00C04F79EFBC}") = "ConsoleAppBierWinkel", "ConsoleAppBierWinkel\ConsoleAppBierWinkel.csproj", "{BE72311D-A25B-437C-9B9A-64D4FC4E5F2C}"
EndProject
Global
	GlobalSection(SolutionConfigurationPlatforms) = preSolution
		Debug|Any CPU = Debug|Any CPU
		Release|Any CPU = Release|Any CPU
	EndGlobalSection
	GlobalSection(ProjectConfigurationPlatforms) = postSolution
		{E0D40894-12F8-41DD-A966-1DB418452096}.Debug|Any CPU.ActiveCfg = Debug|Any CPU
		{E0D40894-12F8-41DD-A966-1DB418452096}.Debug|Any CPU.Build.0 = Debug|Any CPU
		{E0D40894-12F8-41DD-A966-1DB418452096}.Release|Any CPU.ActiveCfg = Release|Any CPU
		{E0D40894-12F8-41DD-A966-1DB418452096}.Release|Any CPU.Build.0 = Release|Any CPU
		{BE72311D-A25B-437C-9B9A-64D4FC4E5F2C}.Debug|Any CPU.ActiveCfg = Debug|Any CPU
		{BE72311D-A25B-437C-9B9A-64D4FC4E5F2C}.Debug|Any CPU.Build.0 = Debug|Any CPU
		{BE72311D-A25B-437C-9B9A-64D4FC4E5F2C}.Release|Any CPU.ActiveCfg = Release|Any CPU
		{BE72311D-A25B-437C-9B9A-64D4FC4E5F2C}.Release|Any CPU.Build.0 = Release|Any CPU
	EndGlobalSection
	GlobalSection(SolutionProperties) = preSolution
		HideSolutionNode = FALSE
	EndGlobalSection
	GlobalSection(ExtensibilityGlobals) = postSolution
		SolutionGuid = {1838E545-C7C5-41FD-A164-B8C9FB008217}
	EndGlobalSection
EndGlobal
